// !$*UTF8*$!
{
	archiveVersion = 1;
	classes = {
	};
	objectVersion = 46;
	objects = {

/* Begin PBXBuildFile section */
		1D19D2A21AB24BD000815981 /* AVFoundation.framework in Frameworks */ = {isa = PBXBuildFile; fileRef = 1D19D29F1AB24BD000815981 /* AVFoundation.framework */; };
		1D19D2A31AB24BD000815981 /* CoreMedia.framework in Frameworks */ = {isa = PBXBuildFile; fileRef = 1D19D2A01AB24BD000815981 /* CoreMedia.framework */; };
		1D19D2A41AB24BD000815981 /* CoreTelephony.framework in Frameworks */ = {isa = PBXBuildFile; fileRef = 1D19D2A11AB24BD000815981 /* CoreTelephony.framework */; };
		1D47D8DB1BB327F800F33ADA /* StoreKit.framework in Frameworks */ = {isa = PBXBuildFile; fileRef = 1DC3E92F1BB31EA50093EF2A /* StoreKit.framework */; };
		1D568BB31BB3792800DB4849 /* ALDemoBaseViewController.m in Sources */ = {isa = PBXBuildFile; fileRef = 1D568BB21BB3792800DB4849 /* ALDemoBaseViewController.m */; settings = {ASSET_TAGS = (); }; };
		1D568BB61BB37BB900DB4849 /* ALDemoRewardedVideosViewController.m in Sources */ = {isa = PBXBuildFile; fileRef = 1D568BB51BB37BB900DB4849 /* ALDemoRewardedVideosViewController.m */; settings = {ASSET_TAGS = (); }; };
		1D568BBA1BB388A600DB4849 /* nav_logo.png in Resources */ = {isa = PBXBuildFile; fileRef = 1D568BB91BB388A600DB4849 /* nav_logo.png */; settings = {ASSET_TAGS = (); }; };
		1D568BBD1BB388F500DB4849 /* ALDemoRootViewController.m in Sources */ = {isa = PBXBuildFile; fileRef = 1D568BBC1BB388F500DB4849 /* ALDemoRootViewController.m */; settings = {ASSET_TAGS = (); }; };
		1D568BC21BB393A900DB4849 /* ALDemoNativeViewController.m in Sources */ = {isa = PBXBuildFile; fileRef = 1D568BC11BB393A900DB4849 /* ALDemoNativeViewController.m */; settings = {ASSET_TAGS = (); }; };
		1D5D968B1BB34EB700F296B0 /* ALDemoInterstitialSingleInstanceViewController.m in Sources */ = {isa = PBXBuildFile; fileRef = 1D5D968A1BB34EB700F296B0 /* ALDemoInterstitialSingleInstanceViewController.m */; settings = {ASSET_TAGS = (); }; };
		1D5D968E1BB34F9F00F296B0 /* ALDemoInterstitialSharerdInstanceViewController.m in Sources */ = {isa = PBXBuildFile; fileRef = 1D5D968D1BB34F9F00F296B0 /* ALDemoInterstitialSharerdInstanceViewController.m */; settings = {ASSET_TAGS = (); }; };
		1DC3E9871BB320190093EF2A /* libAppLovinSdk.a in Frameworks */ = {isa = PBXBuildFile; fileRef = 1DC3E9861BB320190093EF2A /* libAppLovinSdk.a */; settings = {ASSET_TAGS = (); }; };
		1DC3E98D1BB321660093EF2A /* LaunchScreen.xib in Resources */ = {isa = PBXBuildFile; fileRef = 1DC3E98C1BB321660093EF2A /* LaunchScreen.xib */; settings = {ASSET_TAGS = (); }; };
		1DC3E9971BB3249D0093EF2A /* logo.png in Resources */ = {isa = PBXBuildFile; fileRef = 1DC3E9961BB3249D0093EF2A /* logo.png */; settings = {ASSET_TAGS = (); }; };
		2713D00E18EDDD0C006218B2 /* Foundation.framework in Frameworks */ = {isa = PBXBuildFile; fileRef = 2713D00D18EDDD0C006218B2 /* Foundation.framework */; };
		2713D01018EDDD0C006218B2 /* CoreGraphics.framework in Frameworks */ = {isa = PBXBuildFile; fileRef = 2713D00F18EDDD0C006218B2 /* CoreGraphics.framework */; };
		2713D01218EDDD0C006218B2 /* UIKit.framework in Frameworks */ = {isa = PBXBuildFile; fileRef = 2713D01118EDDD0C006218B2 /* UIKit.framework */; };
		2713D01818EDDD0C006218B2 /* InfoPlist.strings in Resources */ = {isa = PBXBuildFile; fileRef = 2713D01618EDDD0C006218B2 /* InfoPlist.strings */; };
		2713D01A18EDDD0C006218B2 /* main.m in Sources */ = {isa = PBXBuildFile; fileRef = 2713D01918EDDD0C006218B2 /* main.m */; };
		2713D01E18EDDD0C006218B2 /* ALDemoAppDelegate.m in Sources */ = {isa = PBXBuildFile; fileRef = 2713D01D18EDDD0C006218B2 /* ALDemoAppDelegate.m */; };
		2713D02118EDDD0C006218B2 /* Main.storyboard in Resources */ = {isa = PBXBuildFile; fileRef = 2713D01F18EDDD0C006218B2 /* Main.storyboard */; };
		2713D02618EDDD0C006218B2 /* Images.xcassets in Resources */ = {isa = PBXBuildFile; fileRef = 2713D02518EDDD0C006218B2 /* Images.xcassets */; };
		2713D02D18EDDD0C006218B2 /* XCTest.framework in Frameworks */ = {isa = PBXBuildFile; fileRef = 2713D02C18EDDD0C006218B2 /* XCTest.framework */; };
		2713D02E18EDDD0C006218B2 /* Foundation.framework in Frameworks */ = {isa = PBXBuildFile; fileRef = 2713D00D18EDDD0C006218B2 /* Foundation.framework */; };
		2713D02F18EDDD0C006218B2 /* UIKit.framework in Frameworks */ = {isa = PBXBuildFile; fileRef = 2713D01118EDDD0C006218B2 /* UIKit.framework */; };
		2713D03718EDDD0C006218B2 /* InfoPlist.strings in Resources */ = {isa = PBXBuildFile; fileRef = 2713D03518EDDD0C006218B2 /* InfoPlist.strings */; };
		2713D03918EDDD0C006218B2 /* iOS_SDK_DemoTests.m in Sources */ = {isa = PBXBuildFile; fileRef = 2713D03818EDDD0C006218B2 /* iOS_SDK_DemoTests.m */; };
		27F8E02518EE13190046A235 /* AdSupport.framework in Frameworks */ = {isa = PBXBuildFile; fileRef = 27F8E02418EE13190046A235 /* AdSupport.framework */; };
		27F8E02718EE131E0046A235 /* MediaPlayer.framework in Frameworks */ = {isa = PBXBuildFile; fileRef = 27F8E02618EE131E0046A235 /* MediaPlayer.framework */; };
		27F8E02918EE13250046A235 /* SystemConfiguration.framework in Frameworks */ = {isa = PBXBuildFile; fileRef = 27F8E02818EE13250046A235 /* SystemConfiguration.framework */; };
/* End PBXBuildFile section */

/* Begin PBXContainerItemProxy section */
		2713D03018EDDD0C006218B2 /* PBXContainerItemProxy */ = {
			isa = PBXContainerItemProxy;
			containerPortal = 2713D00218EDDD0C006218B2 /* Project object */;
			proxyType = 1;
			remoteGlobalIDString = 2713D00918EDDD0C006218B2;
			remoteInfo = "iOS-SDK-Demo";
		};
/* End PBXContainerItemProxy section */

/* Begin PBXFileReference section */
		1D19D29F1AB24BD000815981 /* AVFoundation.framework */ = {isa = PBXFileReference; lastKnownFileType = wrapper.framework; name = AVFoundation.framework; path = System/Library/Frameworks/AVFoundation.framework; sourceTree = SDKROOT; };
		1D19D2A01AB24BD000815981 /* CoreMedia.framework */ = {isa = PBXFileReference; lastKnownFileType = wrapper.framework; name = CoreMedia.framework; path = System/Library/Frameworks/CoreMedia.framework; sourceTree = SDKROOT; };
		1D19D2A11AB24BD000815981 /* CoreTelephony.framework */ = {isa = PBXFileReference; lastKnownFileType = wrapper.framework; name = CoreTelephony.framework; path = System/Library/Frameworks/CoreTelephony.framework; sourceTree = SDKROOT; };
		1D47D8E01BB32A4500F33ADA /* ALDebugLog.h */ = {isa = PBXFileReference; lastKnownFileType = sourcecode.c.h; path = ALDebugLog.h; sourceTree = "<group>"; };
		1D568BB11BB3792800DB4849 /* ALDemoBaseViewController.h */ = {isa = PBXFileReference; fileEncoding = 4; lastKnownFileType = sourcecode.c.h; path = ALDemoBaseViewController.h; sourceTree = "<group>"; };
		1D568BB21BB3792800DB4849 /* ALDemoBaseViewController.m */ = {isa = PBXFileReference; fileEncoding = 4; lastKnownFileType = sourcecode.c.objc; path = ALDemoBaseViewController.m; sourceTree = "<group>"; };
		1D568BB41BB37BB900DB4849 /* ALDemoRewardedVideosViewController.h */ = {isa = PBXFileReference; fileEncoding = 4; lastKnownFileType = sourcecode.c.h; path = ALDemoRewardedVideosViewController.h; sourceTree = "<group>"; };
		1D568BB51BB37BB900DB4849 /* ALDemoRewardedVideosViewController.m */ = {isa = PBXFileReference; fileEncoding = 4; lastKnownFileType = sourcecode.c.objc; path = ALDemoRewardedVideosViewController.m; sourceTree = "<group>"; };
		1D568BB91BB388A600DB4849 /* nav_logo.png */ = {isa = PBXFileReference; lastKnownFileType = image.png; path = nav_logo.png; sourceTree = "<group>"; };
		1D568BBB1BB388F500DB4849 /* ALDemoRootViewController.h */ = {isa = PBXFileReference; fileEncoding = 4; lastKnownFileType = sourcecode.c.h; path = ALDemoRootViewController.h; sourceTree = "<group>"; };
		1D568BBC1BB388F500DB4849 /* ALDemoRootViewController.m */ = {isa = PBXFileReference; fileEncoding = 4; lastKnownFileType = sourcecode.c.objc; path = ALDemoRootViewController.m; sourceTree = "<group>"; };
		1D568BC01BB393A900DB4849 /* ALDemoNativeViewController.h */ = {isa = PBXFileReference; fileEncoding = 4; lastKnownFileType = sourcecode.c.h; path = ALDemoNativeViewController.h; sourceTree = "<group>"; };
		1D568BC11BB393A900DB4849 /* ALDemoNativeViewController.m */ = {isa = PBXFileReference; fileEncoding = 4; lastKnownFileType = sourcecode.c.objc; path = ALDemoNativeViewController.m; sourceTree = "<group>"; };
		1D5D96891BB34EB700F296B0 /* ALDemoInterstitialSingleInstanceViewController.h */ = {isa = PBXFileReference; fileEncoding = 4; lastKnownFileType = sourcecode.c.h; path = ALDemoInterstitialSingleInstanceViewController.h; sourceTree = "<group>"; };
		1D5D968A1BB34EB700F296B0 /* ALDemoInterstitialSingleInstanceViewController.m */ = {isa = PBXFileReference; fileEncoding = 4; lastKnownFileType = sourcecode.c.objc; path = ALDemoInterstitialSingleInstanceViewController.m; sourceTree = "<group>"; };
		1D5D968C1BB34F9F00F296B0 /* ALDemoInterstitialSharerdInstanceViewController.h */ = {isa = PBXFileReference; fileEncoding = 4; lastKnownFileType = sourcecode.c.h; path = ALDemoInterstitialSharerdInstanceViewController.h; sourceTree = "<group>"; };
		1D5D968D1BB34F9F00F296B0 /* ALDemoInterstitialSharerdInstanceViewController.m */ = {isa = PBXFileReference; fileEncoding = 4; lastKnownFileType = sourcecode.c.objc; path = ALDemoInterstitialSharerdInstanceViewController.m; sourceTree = "<group>"; };
		1DC3E92F1BB31EA50093EF2A /* StoreKit.framework */ = {isa = PBXFileReference; lastKnownFileType = wrapper.framework; name = StoreKit.framework; path = System/Library/Frameworks/StoreKit.framework; sourceTree = SDKROOT; };
		1DC3E96C1BB320190093EF2A /* ALAd.h */ = {isa = PBXFileReference; fileEncoding = 4; lastKnownFileType = sourcecode.c.h; path = ALAd.h; sourceTree = "<group>"; };
		1DC3E96D1BB320190093EF2A /* ALAdDisplayDelegate.h */ = {isa = PBXFileReference; fileEncoding = 4; lastKnownFileType = sourcecode.c.h; path = ALAdDisplayDelegate.h; sourceTree = "<group>"; };
		1DC3E96E1BB320190093EF2A /* ALAdLoadDelegate.h */ = {isa = PBXFileReference; fileEncoding = 4; lastKnownFileType = sourcecode.c.h; path = ALAdLoadDelegate.h; sourceTree = "<group>"; };
		1DC3E96F1BB320190093EF2A /* ALAdRewardDelegate.h */ = {isa = PBXFileReference; fileEncoding = 4; lastKnownFileType = sourcecode.c.h; path = ALAdRewardDelegate.h; sourceTree = "<group>"; };
		1DC3E9701BB320190093EF2A /* ALAdService.h */ = {isa = PBXFileReference; fileEncoding = 4; lastKnownFileType = sourcecode.c.h; path = ALAdService.h; sourceTree = "<group>"; };
		1DC3E9711BB320190093EF2A /* ALAdSize.h */ = {isa = PBXFileReference; fileEncoding = 4; lastKnownFileType = sourcecode.c.h; path = ALAdSize.h; sourceTree = "<group>"; };
		1DC3E9721BB320190093EF2A /* ALAdType.h */ = {isa = PBXFileReference; fileEncoding = 4; lastKnownFileType = sourcecode.c.h; path = ALAdType.h; sourceTree = "<group>"; };
		1DC3E9731BB320190093EF2A /* ALAdUpdateDelegate.h */ = {isa = PBXFileReference; fileEncoding = 4; lastKnownFileType = sourcecode.c.h; path = ALAdUpdateDelegate.h; sourceTree = "<group>"; };
		1DC3E9741BB320190093EF2A /* ALAdVideoPlaybackDelegate.h */ = {isa = PBXFileReference; fileEncoding = 4; lastKnownFileType = sourcecode.c.h; path = ALAdVideoPlaybackDelegate.h; sourceTree = "<group>"; };
		1DC3E9751BB320190093EF2A /* ALAdView.h */ = {isa = PBXFileReference; fileEncoding = 4; lastKnownFileType = sourcecode.c.h; path = ALAdView.h; sourceTree = "<group>"; };
		1DC3E9761BB320190093EF2A /* ALErrorCodes.h */ = {isa = PBXFileReference; fileEncoding = 4; lastKnownFileType = sourcecode.c.h; path = ALErrorCodes.h; sourceTree = "<group>"; };
		1DC3E9771BB320190093EF2A /* ALEventService.h */ = {isa = PBXFileReference; fileEncoding = 4; lastKnownFileType = sourcecode.c.h; path = ALEventService.h; sourceTree = "<group>"; };
		1DC3E9781BB320190093EF2A /* ALEventTypes.h */ = {isa = PBXFileReference; fileEncoding = 4; lastKnownFileType = sourcecode.c.h; path = ALEventTypes.h; sourceTree = "<group>"; };
		1DC3E9791BB320190093EF2A /* ALIncentivizedInterstitialAd.h */ = {isa = PBXFileReference; fileEncoding = 4; lastKnownFileType = sourcecode.c.h; path = ALIncentivizedInterstitialAd.h; sourceTree = "<group>"; };
		1DC3E97A1BB320190093EF2A /* ALInterstitialAd.h */ = {isa = PBXFileReference; fileEncoding = 4; lastKnownFileType = sourcecode.c.h; path = ALInterstitialAd.h; sourceTree = "<group>"; };
		1DC3E97B1BB320190093EF2A /* ALNativeAd.h */ = {isa = PBXFileReference; fileEncoding = 4; lastKnownFileType = sourcecode.c.h; path = ALNativeAd.h; sourceTree = "<group>"; };
		1DC3E97C1BB320190093EF2A /* ALNativeAdLoadDelegate.h */ = {isa = PBXFileReference; fileEncoding = 4; lastKnownFileType = sourcecode.c.h; path = ALNativeAdLoadDelegate.h; sourceTree = "<group>"; };
		1DC3E97D1BB320190093EF2A /* ALNativeAdPrecacheDelegate.h */ = {isa = PBXFileReference; fileEncoding = 4; lastKnownFileType = sourcecode.c.h; path = ALNativeAdPrecacheDelegate.h; sourceTree = "<group>"; };
		1DC3E97E1BB320190093EF2A /* ALNativeAdService.h */ = {isa = PBXFileReference; fileEncoding = 4; lastKnownFileType = sourcecode.c.h; path = ALNativeAdService.h; sourceTree = "<group>"; };
		1DC3E97F1BB320190093EF2A /* ALNullabilityAnnotations.h */ = {isa = PBXFileReference; fileEncoding = 4; lastKnownFileType = sourcecode.c.h; path = ALNullabilityAnnotations.h; sourceTree = "<group>"; };
		1DC3E9801BB320190093EF2A /* ALPostbackDelegate.h */ = {isa = PBXFileReference; fileEncoding = 4; lastKnownFileType = sourcecode.c.h; path = ALPostbackDelegate.h; sourceTree = "<group>"; };
		1DC3E9811BB320190093EF2A /* ALPostbackService.h */ = {isa = PBXFileReference; fileEncoding = 4; lastKnownFileType = sourcecode.c.h; path = ALPostbackService.h; sourceTree = "<group>"; };
		1DC3E9821BB320190093EF2A /* ALSdk.h */ = {isa = PBXFileReference; fileEncoding = 4; lastKnownFileType = sourcecode.c.h; path = ALSdk.h; sourceTree = "<group>"; };
		1DC3E9831BB320190093EF2A /* ALSdkSettings.h */ = {isa = PBXFileReference; fileEncoding = 4; lastKnownFileType = sourcecode.c.h; path = ALSdkSettings.h; sourceTree = "<group>"; };
		1DC3E9841BB320190093EF2A /* ALSwiftHeaders.h */ = {isa = PBXFileReference; fileEncoding = 4; lastKnownFileType = sourcecode.c.h; path = ALSwiftHeaders.h; sourceTree = "<group>"; };
		1DC3E9851BB320190093EF2A /* ALTargetingData.h */ = {isa = PBXFileReference; fileEncoding = 4; lastKnownFileType = sourcecode.c.h; path = ALTargetingData.h; sourceTree = "<group>"; };
		1DC3E9861BB320190093EF2A /* libAppLovinSdk.a */ = {isa = PBXFileReference; lastKnownFileType = archive.ar; path = libAppLovinSdk.a; sourceTree = "<group>"; };
		1DC3E98C1BB321660093EF2A /* LaunchScreen.xib */ = {isa = PBXFileReference; fileEncoding = 4; lastKnownFileType = file.xib; path = LaunchScreen.xib; sourceTree = "<group>"; };
		1DC3E9961BB3249D0093EF2A /* logo.png */ = {isa = PBXFileReference; lastKnownFileType = image.png; path = logo.png; sourceTree = "<group>"; };
		2713D00A18EDDD0C006218B2 /* iOS-SDK-Demo.app */ = {isa = PBXFileReference; explicitFileType = wrapper.application; includeInIndex = 0; path = "iOS-SDK-Demo.app"; sourceTree = BUILT_PRODUCTS_DIR; };
		2713D00D18EDDD0C006218B2 /* Foundation.framework */ = {isa = PBXFileReference; lastKnownFileType = wrapper.framework; name = Foundation.framework; path = System/Library/Frameworks/Foundation.framework; sourceTree = SDKROOT; };
		2713D00F18EDDD0C006218B2 /* CoreGraphics.framework */ = {isa = PBXFileReference; lastKnownFileType = wrapper.framework; name = CoreGraphics.framework; path = System/Library/Frameworks/CoreGraphics.framework; sourceTree = SDKROOT; };
		2713D01118EDDD0C006218B2 /* UIKit.framework */ = {isa = PBXFileReference; lastKnownFileType = wrapper.framework; name = UIKit.framework; path = System/Library/Frameworks/UIKit.framework; sourceTree = SDKROOT; };
		2713D01518EDDD0C006218B2 /* iOS-SDK-Demo-Info.plist */ = {isa = PBXFileReference; lastKnownFileType = text.plist.xml; path = "iOS-SDK-Demo-Info.plist"; sourceTree = "<group>"; };
		2713D01718EDDD0C006218B2 /* en */ = {isa = PBXFileReference; lastKnownFileType = text.plist.strings; name = en; path = en.lproj/InfoPlist.strings; sourceTree = "<group>"; };
		2713D01918EDDD0C006218B2 /* main.m */ = {isa = PBXFileReference; lastKnownFileType = sourcecode.c.objc; path = main.m; sourceTree = "<group>"; };
		2713D01B18EDDD0C006218B2 /* iOS-SDK-Demo-Prefix.pch */ = {isa = PBXFileReference; lastKnownFileType = sourcecode.c.h; path = "iOS-SDK-Demo-Prefix.pch"; sourceTree = "<group>"; };
		2713D01C18EDDD0C006218B2 /* ALDemoAppDelegate.h */ = {isa = PBXFileReference; lastKnownFileType = sourcecode.c.h; path = ALDemoAppDelegate.h; sourceTree = "<group>"; };
		2713D01D18EDDD0C006218B2 /* ALDemoAppDelegate.m */ = {isa = PBXFileReference; lastKnownFileType = sourcecode.c.objc; path = ALDemoAppDelegate.m; sourceTree = "<group>"; };
		2713D02018EDDD0C006218B2 /* Base */ = {isa = PBXFileReference; lastKnownFileType = file.storyboard; name = Base; path = Base.lproj/Main.storyboard; sourceTree = "<group>"; };
		2713D02518EDDD0C006218B2 /* Images.xcassets */ = {isa = PBXFileReference; lastKnownFileType = folder.assetcatalog; path = Images.xcassets; sourceTree = "<group>"; };
		2713D02B18EDDD0C006218B2 /* iOS-SDK-DemoTests.xctest */ = {isa = PBXFileReference; explicitFileType = wrapper.cfbundle; includeInIndex = 0; path = "iOS-SDK-DemoTests.xctest"; sourceTree = BUILT_PRODUCTS_DIR; };
		2713D02C18EDDD0C006218B2 /* XCTest.framework */ = {isa = PBXFileReference; lastKnownFileType = wrapper.framework; name = XCTest.framework; path = Library/Frameworks/XCTest.framework; sourceTree = DEVELOPER_DIR; };
		2713D03418EDDD0C006218B2 /* iOS-SDK-DemoTests-Info.plist */ = {isa = PBXFileReference; lastKnownFileType = text.plist.xml; path = "iOS-SDK-DemoTests-Info.plist"; sourceTree = "<group>"; };
		2713D03618EDDD0C006218B2 /* en */ = {isa = PBXFileReference; lastKnownFileType = text.plist.strings; name = en; path = en.lproj/InfoPlist.strings; sourceTree = "<group>"; };
		2713D03818EDDD0C006218B2 /* iOS_SDK_DemoTests.m */ = {isa = PBXFileReference; lastKnownFileType = sourcecode.c.objc; path = iOS_SDK_DemoTests.m; sourceTree = "<group>"; };
		27C0E1AA18EF25ED00CB3405 /* YourSDKKey.h */ = {isa = PBXFileReference; fileEncoding = 4; lastKnownFileType = sourcecode.c.h; path = YourSDKKey.h; sourceTree = "<group>"; };
		27F8E02418EE13190046A235 /* AdSupport.framework */ = {isa = PBXFileReference; lastKnownFileType = wrapper.framework; name = AdSupport.framework; path = System/Library/Frameworks/AdSupport.framework; sourceTree = SDKROOT; };
		27F8E02618EE131E0046A235 /* MediaPlayer.framework */ = {isa = PBXFileReference; lastKnownFileType = wrapper.framework; name = MediaPlayer.framework; path = System/Library/Frameworks/MediaPlayer.framework; sourceTree = SDKROOT; };
		27F8E02818EE13250046A235 /* SystemConfiguration.framework */ = {isa = PBXFileReference; lastKnownFileType = wrapper.framework; name = SystemConfiguration.framework; path = System/Library/Frameworks/SystemConfiguration.framework; sourceTree = SDKROOT; };
/* End PBXFileReference section */

/* Begin PBXFrameworksBuildPhase section */
		2713D00718EDDD0C006218B2 /* Frameworks */ = {
			isa = PBXFrameworksBuildPhase;
			buildActionMask = 2147483647;
			files = (
				1DC3E9871BB320190093EF2A /* libAppLovinSdk.a in Frameworks */,
				27F8E02518EE13190046A235 /* AdSupport.framework in Frameworks */,
				1D19D2A21AB24BD000815981 /* AVFoundation.framework in Frameworks */,
				2713D01018EDDD0C006218B2 /* CoreGraphics.framework in Frameworks */,
				1D19D2A31AB24BD000815981 /* CoreMedia.framework in Frameworks */,
				1D19D2A41AB24BD000815981 /* CoreTelephony.framework in Frameworks */,
				2713D00E18EDDD0C006218B2 /* Foundation.framework in Frameworks */,
				27F8E02718EE131E0046A235 /* MediaPlayer.framework in Frameworks */,
				1D47D8DB1BB327F800F33ADA /* StoreKit.framework in Frameworks */,
				27F8E02918EE13250046A235 /* SystemConfiguration.framework in Frameworks */,
				2713D01218EDDD0C006218B2 /* UIKit.framework in Frameworks */,
			);
			runOnlyForDeploymentPostprocessing = 0;
		};
		2713D02818EDDD0C006218B2 /* Frameworks */ = {
			isa = PBXFrameworksBuildPhase;
			buildActionMask = 2147483647;
			files = (
				2713D02D18EDDD0C006218B2 /* XCTest.framework in Frameworks */,
				2713D02F18EDDD0C006218B2 /* UIKit.framework in Frameworks */,
				2713D02E18EDDD0C006218B2 /* Foundation.framework in Frameworks */,
			);
			runOnlyForDeploymentPostprocessing = 0;
		};
/* End PBXFrameworksBuildPhase section */

/* Begin PBXGroup section */
		1D568BB01BB3790400DB4849 /* Interstitials */ = {
			isa = PBXGroup;
			children = (
				1D5D96891BB34EB700F296B0 /* ALDemoInterstitialSingleInstanceViewController.h */,
				1D5D968A1BB34EB700F296B0 /* ALDemoInterstitialSingleInstanceViewController.m */,
				1D5D968C1BB34F9F00F296B0 /* ALDemoInterstitialSharerdInstanceViewController.h */,
				1D5D968D1BB34F9F00F296B0 /* ALDemoInterstitialSharerdInstanceViewController.m */,
			);
			name = Interstitials;
			sourceTree = "<group>";
		};
		1D568BBE1BB392C200DB4849 /* Rewarded/Incentivized Videos */ = {
			isa = PBXGroup;
			children = (
				1D568BB41BB37BB900DB4849 /* ALDemoRewardedVideosViewController.h */,
				1D568BB51BB37BB900DB4849 /* ALDemoRewardedVideosViewController.m */,
			);
			name = "Rewarded/Incentivized Videos";
			sourceTree = "<group>";
		};
		1D568BBF1BB392EA00DB4849 /* Native */ = {
			isa = PBXGroup;
			children = (
				1D568BC01BB393A900DB4849 /* ALDemoNativeViewController.h */,
				1D568BC11BB393A900DB4849 /* ALDemoNativeViewController.m */,
			);
			name = Native;
			sourceTree = "<group>";
		};
		1DC3E96B1BB320190093EF2A /* headers */ = {
			isa = PBXGroup;
			children = (
				1DC3E96C1BB320190093EF2A /* ALAd.h */,
				1DC3E96D1BB320190093EF2A /* ALAdDisplayDelegate.h */,
				1DC3E96E1BB320190093EF2A /* ALAdLoadDelegate.h */,
				1DC3E96F1BB320190093EF2A /* ALAdRewardDelegate.h */,
				1DC3E9701BB320190093EF2A /* ALAdService.h */,
				1DC3E9711BB320190093EF2A /* ALAdSize.h */,
				1DC3E9721BB320190093EF2A /* ALAdType.h */,
				1DC3E9731BB320190093EF2A /* ALAdUpdateDelegate.h */,
				1DC3E9741BB320190093EF2A /* ALAdVideoPlaybackDelegate.h */,
				1DC3E9751BB320190093EF2A /* ALAdView.h */,
				1DC3E9761BB320190093EF2A /* ALErrorCodes.h */,
				1DC3E9771BB320190093EF2A /* ALEventService.h */,
				1DC3E9781BB320190093EF2A /* ALEventTypes.h */,
				1DC3E9791BB320190093EF2A /* ALIncentivizedInterstitialAd.h */,
				1DC3E97A1BB320190093EF2A /* ALInterstitialAd.h */,
				1DC3E97B1BB320190093EF2A /* ALNativeAd.h */,
				1DC3E97C1BB320190093EF2A /* ALNativeAdLoadDelegate.h */,
				1DC3E97D1BB320190093EF2A /* ALNativeAdPrecacheDelegate.h */,
				1DC3E97E1BB320190093EF2A /* ALNativeAdService.h */,
				1DC3E97F1BB320190093EF2A /* ALNullabilityAnnotations.h */,
				1DC3E9801BB320190093EF2A /* ALPostbackDelegate.h */,
				1DC3E9811BB320190093EF2A /* ALPostbackService.h */,
				1DC3E9821BB320190093EF2A /* ALSdk.h */,
				1DC3E9831BB320190093EF2A /* ALSdkSettings.h */,
				1DC3E9841BB320190093EF2A /* ALSwiftHeaders.h */,
				1DC3E9851BB320190093EF2A /* ALTargetingData.h */,
			);
			path = headers;
			sourceTree = "<group>";
		};
		2713D00118EDDD0C006218B2 = {
			isa = PBXGroup;
			children = (
				2713D01318EDDD0C006218B2 /* iOS-SDK-Demo */,
				2713D03218EDDD0C006218B2 /* iOS-SDK-DemoTests */,
				2713D00C18EDDD0C006218B2 /* Frameworks */,
				2713D00B18EDDD0C006218B2 /* Products */,
			);
			sourceTree = "<group>";
		};
		2713D00B18EDDD0C006218B2 /* Products */ = {
			isa = PBXGroup;
			children = (
				2713D00A18EDDD0C006218B2 /* iOS-SDK-Demo.app */,
				2713D02B18EDDD0C006218B2 /* iOS-SDK-DemoTests.xctest */,
			);
			name = Products;
			sourceTree = "<group>";
		};
		2713D00C18EDDD0C006218B2 /* Frameworks */ = {
			isa = PBXGroup;
			children = (
				1DC3E92F1BB31EA50093EF2A /* StoreKit.framework */,
				1D19D29F1AB24BD000815981 /* AVFoundation.framework */,
				1D19D2A01AB24BD000815981 /* CoreMedia.framework */,
				1D19D2A11AB24BD000815981 /* CoreTelephony.framework */,
				27F8E02818EE13250046A235 /* SystemConfiguration.framework */,
				27F8E02618EE131E0046A235 /* MediaPlayer.framework */,
				27F8E02418EE13190046A235 /* AdSupport.framework */,
				2713D00D18EDDD0C006218B2 /* Foundation.framework */,
				2713D00F18EDDD0C006218B2 /* CoreGraphics.framework */,
				2713D01118EDDD0C006218B2 /* UIKit.framework */,
				2713D02C18EDDD0C006218B2 /* XCTest.framework */,
			);
			name = Frameworks;
			sourceTree = "<group>";
		};
		2713D01318EDDD0C006218B2 /* iOS-SDK-Demo */ = {
			isa = PBXGroup;
			children = (
				27F8E00218EE0E550046A235 /* AppLovin SDK */,
				277F7B1E18EDDE37001F2E1F /* Components */,
				277F7B1C18EDDE27001F2E1F /* SDK Integration Examples */,
				2713D01418EDDD0C006218B2 /* Supporting Files */,
			);
			path = "iOS-SDK-Demo";
			sourceTree = "<group>";
		};
		2713D01418EDDD0C006218B2 /* Supporting Files */ = {
			isa = PBXGroup;
			children = (
				2713D02518EDDD0C006218B2 /* Images.xcassets */,
				2713D01618EDDD0C006218B2 /* InfoPlist.strings */,
				2713D01518EDDD0C006218B2 /* iOS-SDK-Demo-Info.plist */,
				2713D01B18EDDD0C006218B2 /* iOS-SDK-Demo-Prefix.pch */,
				1DC3E98C1BB321660093EF2A /* LaunchScreen.xib */,
				1DC3E9961BB3249D0093EF2A /* logo.png */,
				2713D01918EDDD0C006218B2 /* main.m */,
				2713D01F18EDDD0C006218B2 /* Main.storyboard */,
				1D568BB91BB388A600DB4849 /* nav_logo.png */,
			);
			name = "Supporting Files";
			sourceTree = "<group>";
		};
		2713D03218EDDD0C006218B2 /* iOS-SDK-DemoTests */ = {
			isa = PBXGroup;
			children = (
				2713D03818EDDD0C006218B2 /* iOS_SDK_DemoTests.m */,
				2713D03318EDDD0C006218B2 /* Supporting Files */,
			);
			path = "iOS-SDK-DemoTests";
			sourceTree = "<group>";
		};
		2713D03318EDDD0C006218B2 /* Supporting Files */ = {
			isa = PBXGroup;
			children = (
				2713D03418EDDD0C006218B2 /* iOS-SDK-DemoTests-Info.plist */,
				2713D03518EDDD0C006218B2 /* InfoPlist.strings */,
			);
			name = "Supporting Files";
			sourceTree = "<group>";
		};
		277F7B1C18EDDE27001F2E1F /* SDK Integration Examples */ = {
			isa = PBXGroup;
			children = (
				1D568BBF1BB392EA00DB4849 /* Native */,
				1D568BB01BB3790400DB4849 /* Interstitials */,
				27C0E1A818EF259C00CB3405 /* Programmatic Integration */,
				1D568BBE1BB392C200DB4849 /* Rewarded/Incentivized Videos */,
			);
			name = "SDK Integration Examples";
			sourceTree = "<group>";
		};
		277F7B1E18EDDE37001F2E1F /* Components */ = {
			isa = PBXGroup;
			children = (
				1D47D8E01BB32A4500F33ADA /* ALDebugLog.h */,
				2713D01C18EDDD0C006218B2 /* ALDemoAppDelegate.h */,
				2713D01D18EDDD0C006218B2 /* ALDemoAppDelegate.m */,
				1D568BB11BB3792800DB4849 /* ALDemoBaseViewController.h */,
				1D568BB21BB3792800DB4849 /* ALDemoBaseViewController.m */,
				1D568BBB1BB388F500DB4849 /* ALDemoRootViewController.h */,
				1D568BBC1BB388F500DB4849 /* ALDemoRootViewController.m */,
			);
			name = Components;
			sourceTree = "<group>";
		};
		27C0E1A818EF259C00CB3405 /* Programmatic Integration */ = {
			isa = PBXGroup;
			children = (
				27C0E1AA18EF25ED00CB3405 /* YourSDKKey.h */,
			);
			name = "Programmatic Integration";
			sourceTree = "<group>";
		};
		27F8E00218EE0E550046A235 /* AppLovin SDK */ = {
			isa = PBXGroup;
			children = (
				1DC3E96B1BB320190093EF2A /* headers */,
				1DC3E9861BB320190093EF2A /* libAppLovinSdk.a */,
			);
			name = "AppLovin SDK";
			sourceTree = "<group>";
		};
/* End PBXGroup section */

/* Begin PBXNativeTarget section */
		2713D00918EDDD0C006218B2 /* iOS-SDK-Demo */ = {
			isa = PBXNativeTarget;
			buildConfigurationList = 2713D03C18EDDD0C006218B2 /* Build configuration list for PBXNativeTarget "iOS-SDK-Demo" */;
			buildPhases = (
				2713D00618EDDD0C006218B2 /* Sources */,
				2713D00718EDDD0C006218B2 /* Frameworks */,
				2713D00818EDDD0C006218B2 /* Resources */,
			);
			buildRules = (
			);
			dependencies = (
			);
			name = "iOS-SDK-Demo";
			productName = "iOS-SDK-Demo";
			productReference = 2713D00A18EDDD0C006218B2 /* iOS-SDK-Demo.app */;
			productType = "com.apple.product-type.application";
		};
		2713D02A18EDDD0C006218B2 /* iOS-SDK-DemoTests */ = {
			isa = PBXNativeTarget;
			buildConfigurationList = 2713D03F18EDDD0C006218B2 /* Build configuration list for PBXNativeTarget "iOS-SDK-DemoTests" */;
			buildPhases = (
				2713D02718EDDD0C006218B2 /* Sources */,
				2713D02818EDDD0C006218B2 /* Frameworks */,
				2713D02918EDDD0C006218B2 /* Resources */,
			);
			buildRules = (
			);
			dependencies = (
				2713D03118EDDD0C006218B2 /* PBXTargetDependency */,
			);
			name = "iOS-SDK-DemoTests";
			productName = "iOS-SDK-DemoTests";
			productReference = 2713D02B18EDDD0C006218B2 /* iOS-SDK-DemoTests.xctest */;
			productType = "com.apple.product-type.bundle.unit-test";
		};
/* End PBXNativeTarget section */

/* Begin PBXProject section */
		2713D00218EDDD0C006218B2 /* Project object */ = {
			isa = PBXProject;
			attributes = {
				CLASSPREFIX = ALDemo;
				LastUpgradeCheck = 0700;
				ORGANIZATIONNAME = AppLovin;
				TargetAttributes = {
					2713D02A18EDDD0C006218B2 = {
						TestTargetID = 2713D00918EDDD0C006218B2;
					};
				};
			};
			buildConfigurationList = 2713D00518EDDD0C006218B2 /* Build configuration list for PBXProject "iOS-SDK-Demo" */;
			compatibilityVersion = "Xcode 3.2";
			developmentRegion = English;
			hasScannedForEncodings = 0;
			knownRegions = (
				en,
				Base,
			);
			mainGroup = 2713D00118EDDD0C006218B2;
			productRefGroup = 2713D00B18EDDD0C006218B2 /* Products */;
			projectDirPath = "";
			projectRoot = "";
			targets = (
				2713D00918EDDD0C006218B2 /* iOS-SDK-Demo */,
				2713D02A18EDDD0C006218B2 /* iOS-SDK-DemoTests */,
			);
		};
/* End PBXProject section */

/* Begin PBXResourcesBuildPhase section */
		2713D00818EDDD0C006218B2 /* Resources */ = {
			isa = PBXResourcesBuildPhase;
			buildActionMask = 2147483647;
			files = (
				1DC3E98D1BB321660093EF2A /* LaunchScreen.xib in Resources */,
				1DC3E9971BB3249D0093EF2A /* logo.png in Resources */,
				2713D02618EDDD0C006218B2 /* Images.xcassets in Resources */,
				2713D01818EDDD0C006218B2 /* InfoPlist.strings in Resources */,
				1D568BBA1BB388A600DB4849 /* nav_logo.png in Resources */,
				2713D02118EDDD0C006218B2 /* Main.storyboard in Resources */,
			);
			runOnlyForDeploymentPostprocessing = 0;
		};
		2713D02918EDDD0C006218B2 /* Resources */ = {
			isa = PBXResourcesBuildPhase;
			buildActionMask = 2147483647;
			files = (
				2713D03718EDDD0C006218B2 /* InfoPlist.strings in Resources */,
			);
			runOnlyForDeploymentPostprocessing = 0;
		};
/* End PBXResourcesBuildPhase section */

/* Begin PBXSourcesBuildPhase section */
		2713D00618EDDD0C006218B2 /* Sources */ = {
			isa = PBXSourcesBuildPhase;
			buildActionMask = 2147483647;
			files = (
				1D568BB61BB37BB900DB4849 /* ALDemoRewardedVideosViewController.m in Sources */,
				1D568BB31BB3792800DB4849 /* ALDemoBaseViewController.m in Sources */,
				2713D01E18EDDD0C006218B2 /* ALDemoAppDelegate.m in Sources */,
				1D5D968B1BB34EB700F296B0 /* ALDemoInterstitialSingleInstanceViewController.m in Sources */,
				2713D01A18EDDD0C006218B2 /* main.m in Sources */,
				1D5D968E1BB34F9F00F296B0 /* ALDemoInterstitialSharerdInstanceViewController.m in Sources */,
				1D568BBD1BB388F500DB4849 /* ALDemoRootViewController.m in Sources */,
				1D568BC21BB393A900DB4849 /* ALDemoNativeViewController.m in Sources */,
			);
			runOnlyForDeploymentPostprocessing = 0;
		};
		2713D02718EDDD0C006218B2 /* Sources */ = {
			isa = PBXSourcesBuildPhase;
			buildActionMask = 2147483647;
			files = (
				2713D03918EDDD0C006218B2 /* iOS_SDK_DemoTests.m in Sources */,
			);
			runOnlyForDeploymentPostprocessing = 0;
		};
/* End PBXSourcesBuildPhase section */

/* Begin PBXTargetDependency section */
		2713D03118EDDD0C006218B2 /* PBXTargetDependency */ = {
			isa = PBXTargetDependency;
			target = 2713D00918EDDD0C006218B2 /* iOS-SDK-Demo */;
			targetProxy = 2713D03018EDDD0C006218B2 /* PBXContainerItemProxy */;
		};
/* End PBXTargetDependency section */

/* Begin PBXVariantGroup section */
		2713D01618EDDD0C006218B2 /* InfoPlist.strings */ = {
			isa = PBXVariantGroup;
			children = (
				2713D01718EDDD0C006218B2 /* en */,
			);
			name = InfoPlist.strings;
			sourceTree = "<group>";
		};
		2713D01F18EDDD0C006218B2 /* Main.storyboard */ = {
			isa = PBXVariantGroup;
			children = (
				2713D02018EDDD0C006218B2 /* Base */,
			);
			name = Main.storyboard;
			sourceTree = "<group>";
		};
		2713D03518EDDD0C006218B2 /* InfoPlist.strings */ = {
			isa = PBXVariantGroup;
			children = (
				2713D03618EDDD0C006218B2 /* en */,
			);
			name = InfoPlist.strings;
			sourceTree = "<group>";
		};
/* End PBXVariantGroup section */

/* Begin XCBuildConfiguration section */
		2713D03A18EDDD0C006218B2 /* Debug */ = {
			isa = XCBuildConfiguration;
			buildSettings = {
				ALWAYS_SEARCH_USER_PATHS = NO;
				CLANG_CXX_LANGUAGE_STANDARD = "gnu++0x";
				CLANG_CXX_LIBRARY = "libc++";
				CLANG_ENABLE_MODULES = YES;
				CLANG_ENABLE_OBJC_ARC = YES;
				CLANG_WARN_BOOL_CONVERSION = YES;
				CLANG_WARN_CONSTANT_CONVERSION = YES;
				CLANG_WARN_DIRECT_OBJC_ISA_USAGE = YES_ERROR;
				CLANG_WARN_EMPTY_BODY = YES;
				CLANG_WARN_ENUM_CONVERSION = YES;
				CLANG_WARN_INT_CONVERSION = YES;
				CLANG_WARN_OBJC_ROOT_CLASS = YES_ERROR;
				CLANG_WARN__DUPLICATE_METHOD_MATCH = YES;
				"CODE_SIGN_IDENTITY[sdk=iphoneos*]" = "iPhone Developer";
				COPY_PHASE_STRIP = NO;
				ENABLE_TESTABILITY = YES;
				GCC_C_LANGUAGE_STANDARD = gnu99;
				GCC_DYNAMIC_NO_PIC = NO;
				GCC_OPTIMIZATION_LEVEL = 0;
				GCC_PREPROCESSOR_DEFINITIONS = (
					"DEBUG=1",
					"$(inherited)",
				);
				GCC_SYMBOLS_PRIVATE_EXTERN = NO;
				GCC_WARN_64_TO_32_BIT_CONVERSION = YES;
				GCC_WARN_ABOUT_RETURN_TYPE = YES_ERROR;
				GCC_WARN_UNDECLARED_SELECTOR = YES;
				GCC_WARN_UNINITIALIZED_AUTOS = YES_AGGRESSIVE;
				GCC_WARN_UNUSED_FUNCTION = YES;
				GCC_WARN_UNUSED_VARIABLE = YES;
				IPHONEOS_DEPLOYMENT_TARGET = 7.0;
				ONLY_ACTIVE_ARCH = YES;
				SDKROOT = iphoneos;
			};
			name = Debug;
		};
		2713D03B18EDDD0C006218B2 /* Release */ = {
			isa = XCBuildConfiguration;
			buildSettings = {
				ALWAYS_SEARCH_USER_PATHS = NO;
				CLANG_CXX_LANGUAGE_STANDARD = "gnu++0x";
				CLANG_CXX_LIBRARY = "libc++";
				CLANG_ENABLE_MODULES = YES;
				CLANG_ENABLE_OBJC_ARC = YES;
				CLANG_WARN_BOOL_CONVERSION = YES;
				CLANG_WARN_CONSTANT_CONVERSION = YES;
				CLANG_WARN_DIRECT_OBJC_ISA_USAGE = YES_ERROR;
				CLANG_WARN_EMPTY_BODY = YES;
				CLANG_WARN_ENUM_CONVERSION = YES;
				CLANG_WARN_INT_CONVERSION = YES;
				CLANG_WARN_OBJC_ROOT_CLASS = YES_ERROR;
				CLANG_WARN__DUPLICATE_METHOD_MATCH = YES;
				"CODE_SIGN_IDENTITY[sdk=iphoneos*]" = "iPhone Developer";
				COPY_PHASE_STRIP = YES;
				ENABLE_NS_ASSERTIONS = NO;
				GCC_C_LANGUAGE_STANDARD = gnu99;
				GCC_WARN_64_TO_32_BIT_CONVERSION = YES;
				GCC_WARN_ABOUT_RETURN_TYPE = YES_ERROR;
				GCC_WARN_UNDECLARED_SELECTOR = YES;
				GCC_WARN_UNINITIALIZED_AUTOS = YES_AGGRESSIVE;
				GCC_WARN_UNUSED_FUNCTION = YES;
				GCC_WARN_UNUSED_VARIABLE = YES;
				IPHONEOS_DEPLOYMENT_TARGET = 7.0;
				SDKROOT = iphoneos;
				VALIDATE_PRODUCT = YES;
			};
			name = Release;
		};
		2713D03D18EDDD0C006218B2 /* Debug */ = {
			isa = XCBuildConfiguration;
			buildSettings = {
				ASSETCATALOG_COMPILER_APPICON_NAME = AppIcon;
				GCC_PRECOMPILE_PREFIX_HEADER = YES;
				GCC_PREFIX_HEADER = "iOS-SDK-Demo/iOS-SDK-Demo-Prefix.pch";
				INFOPLIST_FILE = "iOS-SDK-Demo/iOS-SDK-Demo-Info.plist";
				IPHONEOS_DEPLOYMENT_TARGET = 7.0;
				LIBRARY_SEARCH_PATHS = (
					"$(inherited)",
					"$(PROJECT_DIR)/iOS-SDK-Demo",
				);
				OTHER_LDFLAGS = (
					"-all_load",
					"-ObjC",
				);
				PRODUCT_BUNDLE_IDENTIFIER = com.applovin.sdkdemo;
				PRODUCT_NAME = "$(TARGET_NAME)";
				WRAPPER_EXTENSION = app;
			};
			name = Debug;
		};
		2713D03E18EDDD0C006218B2 /* Release */ = {
			isa = XCBuildConfiguration;
			buildSettings = {
				ASSETCATALOG_COMPILER_APPICON_NAME = AppIcon;
				GCC_PRECOMPILE_PREFIX_HEADER = YES;
				GCC_PREFIX_HEADER = "iOS-SDK-Demo/iOS-SDK-Demo-Prefix.pch";
				INFOPLIST_FILE = "iOS-SDK-Demo/iOS-SDK-Demo-Info.plist";
				IPHONEOS_DEPLOYMENT_TARGET = 7.0;
				LIBRARY_SEARCH_PATHS = (
					"$(inherited)",
					"$(PROJECT_DIR)/iOS-SDK-Demo",
				);
				OTHER_LDFLAGS = (
					"-all_load",
					"-ObjC",
				);
				PRODUCT_BUNDLE_IDENTIFIER = com.applovin.sdkdemo;
				PRODUCT_NAME = "$(TARGET_NAME)";
				WRAPPER_EXTENSION = app;
			};
			name = Release;
		};
		2713D04018EDDD0C006218B2 /* Debug */ = {
			isa = XCBuildConfiguration;
			buildSettings = {
				BUNDLE_LOADER = "$(BUILT_PRODUCTS_DIR)/iOS-SDK-Demo.app/iOS-SDK-Demo";
				FRAMEWORK_SEARCH_PATHS = (
					"$(SDKROOT)/Developer/Library/Frameworks",
					"$(inherited)",
					"$(DEVELOPER_FRAMEWORKS_DIR)",
				);
				GCC_PRECOMPILE_PREFIX_HEADER = YES;
				GCC_PREFIX_HEADER = "iOS-SDK-Demo/iOS-SDK-Demo-Prefix.pch";
				GCC_PREPROCESSOR_DEFINITIONS = (
					"DEBUG=1",
					"$(inherited)",
				);
				INFOPLIST_FILE = "iOS-SDK-DemoTests/iOS-SDK-DemoTests-Info.plist";
				PRODUCT_BUNDLE_IDENTIFIER = "com.applovin.${PRODUCT_NAME:rfc1034identifier}";
				PRODUCT_NAME = "$(TARGET_NAME)";
				TEST_HOST = "$(BUNDLE_LOADER)";
				WRAPPER_EXTENSION = xctest;
			};
			name = Debug;
		};
		2713D04118EDDD0C006218B2 /* Release */ = {
			isa = XCBuildConfiguration;
			buildSettings = {
				BUNDLE_LOADER = "$(BUILT_PRODUCTS_DIR)/iOS-SDK-Demo.app/iOS-SDK-Demo";
				FRAMEWORK_SEARCH_PATHS = (
					"$(SDKROOT)/Developer/Library/Frameworks",
					"$(inherited)",
					"$(DEVELOPER_FRAMEWORKS_DIR)",
				);
				GCC_PRECOMPILE_PREFIX_HEADER = YES;
				GCC_PREFIX_HEADER = "iOS-SDK-Demo/iOS-SDK-Demo-Prefix.pch";
				INFOPLIST_FILE = "iOS-SDK-DemoTests/iOS-SDK-DemoTests-Info.plist";
				PRODUCT_BUNDLE_IDENTIFIER = "com.applovin.${PRODUCT_NAME:rfc1034identifier}";
				PRODUCT_NAME = "$(TARGET_NAME)";
				TEST_HOST = "$(BUNDLE_LOADER)";
				WRAPPER_EXTENSION = xctest;
			};
			name = Release;
		};
/* End XCBuildConfiguration section */

/* Begin XCConfigurationList section */
		2713D00518EDDD0C006218B2 /* Build configuration list for PBXProject "iOS-SDK-Demo" */ = {
			isa = XCConfigurationList;
			buildConfigurations = (
				2713D03A18EDDD0C006218B2 /* Debug */,
				2713D03B18EDDD0C006218B2 /* Release */,
			);
			defaultConfigurationIsVisible = 0;
			defaultConfigurationName = Release;
		};
		2713D03C18EDDD0C006218B2 /* Build configuration list for PBXNativeTarget "iOS-SDK-Demo" */ = {
			isa = XCConfigurationList;
			buildConfigurations = (
				2713D03D18EDDD0C006218B2 /* Debug */,
				2713D03E18EDDD0C006218B2 /* Release */,
			);
			defaultConfigurationIsVisible = 0;
			defaultConfigurationName = Release;
		};
		2713D03F18EDDD0C006218B2 /* Build configuration list for PBXNativeTarget "iOS-SDK-DemoTests" */ = {
			isa = XCConfigurationList;
			buildConfigurations = (
				2713D04018EDDD0C006218B2 /* Debug */,
				2713D04118EDDD0C006218B2 /* Release */,
			);
			defaultConfigurationIsVisible = 0;
			defaultConfigurationName = Release;
		};
/* End XCConfigurationList section */
	};
	rootObject = 2713D00218EDDD0C006218B2 /* Project object */;
}
